
Microsoft Visual Studio Solution File, Format Version 12.00
# Visual Studio 15
VisualStudioVersion = 15.0.28307.572
MinimumVisualStudioVersion = 10.0.40219.1
Project("{FAE04EC0-301F-11D3-BF4B-00C04F79EFBC}") = "Strandbal", "Strandbal\Strandbal.csproj", "{8AC712DE-7FDD-4D01-819C-5A91563B0480}"
EndProject
Global
	GlobalSection(SolutionConfigurationPlatforms) = preSolution
		Debug|Any CPU = Debug|Any CPU
		Release|Any CPU = Release|Any CPU
	EndGlobalSection
	GlobalSection(ProjectConfigurationPlatforms) = postSolution
		{8AC712DE-7FDD-4D01-819C-5A91563B0480}.Debug|Any CPU.ActiveCfg = Debug|Any CPU
		{8AC712DE-7FDD-4D01-819C-5A91563B0480}.Debug|Any CPU.Build.0 = Debug|Any CPU
		{8AC712DE-7FDD-4D01-819C-5A91563B0480}.Release|Any CPU.ActiveCfg = Release|Any CPU
		{8AC712DE-7FDD-4D01-819C-5A91563B0480}.Release|Any CPU.Build.0 = Release|Any CPU
	EndGlobalSection
	GlobalSection(SolutionProperties) = preSolution
		HideSolutionNode = FALSE
	EndGlobalSection
	GlobalSection(ExtensibilityGlobals) = postSolution
		SolutionGuid = {79FC1E9B-8D97-4B00-B13B-86DD5EBC8C5F}
	EndGlobalSection
EndGlobal
